
Microsoft Visual Studio Solution File, Format Version 12.00
# Visual Studio Version 16
VisualStudioVersion = 16.0.29025.244
MinimumVisualStudioVersion = 10.0.40219.1
Project("{FAE04EC0-301F-11D3-BF4B-00C04F79EFBC}") = "Assembly-CSharp", "Anarchy\Assembly\Assembly-CSharp.csproj", "{FFF16F95-8AF6-41B2-9FD1-5F82FEAA3E61}"
EndProject
Project("{FAE04EC0-301F-11D3-BF4B-00C04F79EFBC}") = "Photon3Unity3D", "Anarchy\Photon\Photon3Unity3D.csproj", "{1B1B937E-A32E-44F7-8A04-EE4CE415BFA7}"
	ProjectSection(ProjectDependencies) = postProject
		{61AE834A-671A-4599-B3CA-80AA69F145FC} = {61AE834A-671A-4599-B3CA-80AA69F145FC}
	EndProjectSection
EndProject
Project("{FAE04EC0-301F-11D3-BF4B-00C04F79EFBC}") = "Antis", "Anarchy\Antis\Antis.csproj", "{61AE834A-671A-4599-B3CA-80AA69F145FC}"
EndProject
Global
	GlobalSection(SolutionConfigurationPlatforms) = preSolution
		Debug|Any CPU = Debug|Any CPU
		Debug|x86 = Debug|x86
		Release|Any CPU = Release|Any CPU
		Release|x86 = Release|x86
	EndGlobalSection
	GlobalSection(ProjectConfigurationPlatforms) = postSolution
		{FFF16F95-8AF6-41B2-9FD1-5F82FEAA3E61}.Debug|Any CPU.ActiveCfg = Debug|Any CPU
		{FFF16F95-8AF6-41B2-9FD1-5F82FEAA3E61}.Debug|Any CPU.Build.0 = Debug|Any CPU
		{FFF16F95-8AF6-41B2-9FD1-5F82FEAA3E61}.Debug|x86.ActiveCfg = Debug|x86
		{FFF16F95-8AF6-41B2-9FD1-5F82FEAA3E61}.Debug|x86.Build.0 = Debug|x86
		{FFF16F95-8AF6-41B2-9FD1-5F82FEAA3E61}.Release|Any CPU.ActiveCfg = Release|Any CPU
		{FFF16F95-8AF6-41B2-9FD1-5F82FEAA3E61}.Release|Any CPU.Build.0 = Release|Any CPU
		{FFF16F95-8AF6-41B2-9FD1-5F82FEAA3E61}.Release|x86.ActiveCfg = Release|x86
		{FFF16F95-8AF6-41B2-9FD1-5F82FEAA3E61}.Release|x86.Build.0 = Release|x86
		{1B1B937E-A32E-44F7-8A04-EE4CE415BFA7}.Debug|Any CPU.ActiveCfg = Debug|Any CPU
		{1B1B937E-A32E-44F7-8A04-EE4CE415BFA7}.Debug|Any CPU.Build.0 = Debug|Any CPU
		{1B1B937E-A32E-44F7-8A04-EE4CE415BFA7}.Debug|x86.ActiveCfg = Debug|Any CPU
		{1B1B937E-A32E-44F7-8A04-EE4CE415BFA7}.Debug|x86.Build.0 = Debug|Any CPU
		{1B1B937E-A32E-44F7-8A04-EE4CE415BFA7}.Release|Any CPU.ActiveCfg = Release|Any CPU
		{1B1B937E-A32E-44F7-8A04-EE4CE415BFA7}.Release|Any CPU.Build.0 = Release|Any CPU
		{1B1B937E-A32E-44F7-8A04-EE4CE415BFA7}.Release|x86.ActiveCfg = Release|Any CPU
		{1B1B937E-A32E-44F7-8A04-EE4CE415BFA7}.Release|x86.Build.0 = Release|Any CPU
		{61AE834A-671A-4599-B3CA-80AA69F145FC}.Debug|Any CPU.ActiveCfg = Debug|Any CPU
		{61AE834A-671A-4599-B3CA-80AA69F145FC}.Debug|Any CPU.Build.0 = Debug|Any CPU
		{61AE834A-671A-4599-B3CA-80AA69F145FC}.Debug|x86.ActiveCfg = Debug|Any CPU
		{61AE834A-671A-4599-B3CA-80AA69F145FC}.Debug|x86.Build.0 = Debug|Any CPU
		{61AE834A-671A-4599-B3CA-80AA69F145FC}.Release|Any CPU.ActiveCfg = Release|Any CPU
		{61AE834A-671A-4599-B3CA-80AA69F145FC}.Release|Any CPU.Build.0 = Release|Any CPU
		{61AE834A-671A-4599-B3CA-80AA69F145FC}.Release|x86.ActiveCfg = Release|Any CPU
		{61AE834A-671A-4599-B3CA-80AA69F145FC}.Release|x86.Build.0 = Release|Any CPU
	EndGlobalSection
	GlobalSection(SolutionProperties) = preSolution
		HideSolutionNode = FALSE
	EndGlobalSection
	GlobalSection(ExtensibilityGlobals) = postSolution
		SolutionGuid = {F0A3273A-1032-4803-BF16-62938E25E24B}
	EndGlobalSection
EndGlobal
